// !$*UTF8*$!
{
	archiveVersion = 1;
	classes = {
	};
	objectVersion = 51;
	objects = {

/* Begin PBXBuildFile section */
		65C5BEA0B0B87BA9E8CBF7CB /* Pods_gif_me.framework in Frameworks */ = {isa = PBXBuildFile; fileRef = 4A699E066CC75B7778A35792 /* Pods_gif_me.framework */; };
		B309976B262ECCEF00E5066E /* GifCollectionViewCell.swift in Sources */ = {isa = PBXBuildFile; fileRef = B309976A262ECCEF00E5066E /* GifCollectionViewCell.swift */; };
		B309976F262ED7D500E5066E /* Gif.swift in Sources */ = {isa = PBXBuildFile; fileRef = B309976E262ED7D500E5066E /* Gif.swift */; };
		B3996A6426303B9B00EE0315 /* Secrets.swift in Sources */ = {isa = PBXBuildFile; fileRef = B3996A6326303B9B00EE0315 /* Secrets.swift */; };
		B3FBD9A4262DF1B900782622 /* AppDelegate.swift in Sources */ = {isa = PBXBuildFile; fileRef = B3FBD9A3262DF1B900782622 /* AppDelegate.swift */; };
		B3FBD9A6262DF1B900782622 /* SceneDelegate.swift in Sources */ = {isa = PBXBuildFile; fileRef = B3FBD9A5262DF1B900782622 /* SceneDelegate.swift */; };
		B3FBD9A8262DF1B900782622 /* GifGridViewController.swift in Sources */ = {isa = PBXBuildFile; fileRef = B3FBD9A7262DF1B900782622 /* GifGridViewController.swift */; };
		B3FBD9AB262DF1B900782622 /* Main.storyboard in Resources */ = {isa = PBXBuildFile; fileRef = B3FBD9A9262DF1B900782622 /* Main.storyboard */; };
		B3FBD9AD262DF1BA00782622 /* Assets.xcassets in Resources */ = {isa = PBXBuildFile; fileRef = B3FBD9AC262DF1BA00782622 /* Assets.xcassets */; };
		B3FBD9B0262DF1BA00782622 /* LaunchScreen.storyboard in Resources */ = {isa = PBXBuildFile; fileRef = B3FBD9AE262DF1BA00782622 /* LaunchScreen.storyboard */; };
		B3FBD9BA262DF2C600782622 /* Constants.swift in Sources */ = {isa = PBXBuildFile; fileRef = B3FBD9B9262DF2C600782622 /* Constants.swift */; };
		B3FBD9CC262DF58E00782622 /* GifManager.swift in Sources */ = {isa = PBXBuildFile; fileRef = B3FBD9CB262DF58E00782622 /* GifManager.swift */; };
/* End PBXBuildFile section */

/* Begin PBXFileReference section */
		4A699E066CC75B7778A35792 /* Pods_gif_me.framework */ = {isa = PBXFileReference; explicitFileType = wrapper.framework; includeInIndex = 0; path = Pods_gif_me.framework; sourceTree = BUILT_PRODUCTS_DIR; };
		80A7C058A6DB4D0E37974893 /* Pods-gif-me.release.xcconfig */ = {isa = PBXFileReference; includeInIndex = 1; lastKnownFileType = text.xcconfig; name = "Pods-gif-me.release.xcconfig"; path = "Target Support Files/Pods-gif-me/Pods-gif-me.release.xcconfig"; sourceTree = "<group>"; };
		9765842DCA4E6BBD68499EC7 /* Pods-gif-me.debug.xcconfig */ = {isa = PBXFileReference; includeInIndex = 1; lastKnownFileType = text.xcconfig; name = "Pods-gif-me.debug.xcconfig"; path = "Target Support Files/Pods-gif-me/Pods-gif-me.debug.xcconfig"; sourceTree = "<group>"; };
		B309976A262ECCEF00E5066E /* GifCollectionViewCell.swift */ = {isa = PBXFileReference; lastKnownFileType = sourcecode.swift; path = GifCollectionViewCell.swift; sourceTree = "<group>"; };
		B309976E262ED7D500E5066E /* Gif.swift */ = {isa = PBXFileReference; lastKnownFileType = sourcecode.swift; path = Gif.swift; sourceTree = "<group>"; };
		B3996A6326303B9B00EE0315 /* Secrets.swift */ = {isa = PBXFileReference; lastKnownFileType = sourcecode.swift; path = Secrets.swift; sourceTree = "<group>"; };
		B3FBD9A0262DF1B900782622 /* gif-me.app */ = {isa = PBXFileReference; explicitFileType = wrapper.application; includeInIndex = 0; path = "gif-me.app"; sourceTree = BUILT_PRODUCTS_DIR; };
		B3FBD9A3262DF1B900782622 /* AppDelegate.swift */ = {isa = PBXFileReference; lastKnownFileType = sourcecode.swift; path = AppDelegate.swift; sourceTree = "<group>"; };
		B3FBD9A5262DF1B900782622 /* SceneDelegate.swift */ = {isa = PBXFileReference; lastKnownFileType = sourcecode.swift; path = SceneDelegate.swift; sourceTree = "<group>"; };
		B3FBD9A7262DF1B900782622 /* GifGridViewController.swift */ = {isa = PBXFileReference; lastKnownFileType = sourcecode.swift; path = GifGridViewController.swift; sourceTree = "<group>"; };
		B3FBD9AA262DF1B900782622 /* Base */ = {isa = PBXFileReference; lastKnownFileType = file.storyboard; name = Base; path = Base.lproj/Main.storyboard; sourceTree = "<group>"; };
		B3FBD9AC262DF1BA00782622 /* Assets.xcassets */ = {isa = PBXFileReference; lastKnownFileType = folder.assetcatalog; path = Assets.xcassets; sourceTree = "<group>"; };
		B3FBD9AF262DF1BA00782622 /* Base */ = {isa = PBXFileReference; lastKnownFileType = file.storyboard; name = Base; path = Base.lproj/LaunchScreen.storyboard; sourceTree = "<group>"; };
		B3FBD9B1262DF1BA00782622 /* Info.plist */ = {isa = PBXFileReference; lastKnownFileType = text.plist.xml; path = Info.plist; sourceTree = "<group>"; };
		B3FBD9B9262DF2C600782622 /* Constants.swift */ = {isa = PBXFileReference; lastKnownFileType = sourcecode.swift; path = Constants.swift; sourceTree = "<group>"; };
		B3FBD9CB262DF58E00782622 /* GifManager.swift */ = {isa = PBXFileReference; lastKnownFileType = sourcecode.swift; path = GifManager.swift; sourceTree = "<group>"; };
/* End PBXFileReference section */

/* Begin PBXFrameworksBuildPhase section */
		B3FBD99D262DF1B900782622 /* Frameworks */ = {
			isa = PBXFrameworksBuildPhase;
			buildActionMask = 2147483647;
			files = (
				65C5BEA0B0B87BA9E8CBF7CB /* Pods_gif_me.framework in Frameworks */,
			);
			runOnlyForDeploymentPostprocessing = 0;
		};
/* End PBXFrameworksBuildPhase section */

/* Begin PBXGroup section */
		AB2FCB4FB1626B9C7B108966 /* Pods */ = {
			isa = PBXGroup;
			children = (
				9765842DCA4E6BBD68499EC7 /* Pods-gif-me.debug.xcconfig */,
				80A7C058A6DB4D0E37974893 /* Pods-gif-me.release.xcconfig */,
			);
			path = Pods;
			sourceTree = "<group>";
		};
		B3FBD997262DF1B900782622 = {
			isa = PBXGroup;
			children = (
				B3FBD9A2262DF1B900782622 /* gif-me */,
				B3FBD9A1262DF1B900782622 /* Products */,
				AB2FCB4FB1626B9C7B108966 /* Pods */,
				C89674FB69FF7466172642C6 /* Frameworks */,
			);
			sourceTree = "<group>";
		};
		B3FBD9A1262DF1B900782622 /* Products */ = {
			isa = PBXGroup;
			children = (
				B3FBD9A0262DF1B900782622 /* gif-me.app */,
			);
			name = Products;
			sourceTree = "<group>";
		};
		B3FBD9A2262DF1B900782622 /* gif-me */ = {
			isa = PBXGroup;
			children = (
				B3FBD9A3262DF1B900782622 /* AppDelegate.swift */,
				B3FBD9A5262DF1B900782622 /* SceneDelegate.swift */,
				B3FBD9C8262DF55500782622 /* Model */,
				B3FBD9C7262DF54A00782622 /* View */,
				B3FBD9C6262DF52700782622 /* ViewModel */,
				B3FBD9C4262DF4E600782622 /* Controllers */,
				B3FBD9B9262DF2C600782622 /* Constants.swift */,
				B3996A6326303B9B00EE0315 /* Secrets.swift */,
				B3FBD9C5262DF50000782622 /* Supporting Files */,
				B3FBD9B1262DF1BA00782622 /* Info.plist */,
			);
			path = "gif-me";
			sourceTree = "<group>";
		};
		B3FBD9C4262DF4E600782622 /* Controllers */ = {
			isa = PBXGroup;
			children = (
				B3FBD9A7262DF1B900782622 /* GifGridViewController.swift */,
			);
			path = Controllers;
			sourceTree = "<group>";
		};
		B3FBD9C5262DF50000782622 /* Supporting Files */ = {
			isa = PBXGroup;
			children = (
				B3FBD9AC262DF1BA00782622 /* Assets.xcassets */,
				B3FBD9AE262DF1BA00782622 /* LaunchScreen.storyboard */,
			);
			path = "Supporting Files";
			sourceTree = "<group>";
		};
		B3FBD9C6262DF52700782622 /* ViewModel */ = {
			isa = PBXGroup;
			children = (
				B3FBD9CB262DF58E00782622 /* GifManager.swift */,
			);
			path = ViewModel;
			sourceTree = "<group>";
		};
		B3FBD9C7262DF54A00782622 /* View */ = {
			isa = PBXGroup;
			children = (
				B3FBD9A9262DF1B900782622 /* Main.storyboard */,
				B309976A262ECCEF00E5066E /* GifCollectionViewCell.swift */,
			);
			path = View;
			sourceTree = "<group>";
		};
		B3FBD9C8262DF55500782622 /* Model */ = {
			isa = PBXGroup;
			children = (
				B309976E262ED7D500E5066E /* Gif.swift */,
			);
			path = Model;
			sourceTree = "<group>";
		};
		C89674FB69FF7466172642C6 /* Frameworks */ = {
			isa = PBXGroup;
			children = (
				4A699E066CC75B7778A35792 /* Pods_gif_me.framework */,
			);
			name = Frameworks;
			sourceTree = "<group>";
		};
/* End PBXGroup section */

/* Begin PBXNativeTarget section */
		B3FBD99F262DF1B900782622 /* gif-me */ = {
			isa = PBXNativeTarget;
			buildConfigurationList = B3FBD9B4262DF1BA00782622 /* Build configuration list for PBXNativeTarget "gif-me" */;
			buildPhases = (
				9AB9C0902F94672E59D7316C /* [CP] Check Pods Manifest.lock */,
				B3FBD99C262DF1B900782622 /* Sources */,
				B3FBD99D262DF1B900782622 /* Frameworks */,
				B3FBD99E262DF1B900782622 /* Resources */,
				8AD00BD9CEE5DCF264E7A2A6 /* [CP] Embed Pods Frameworks */,
			);
			buildRules = (
			);
			dependencies = (
			);
			name = "gif-me";
			productName = "gif-me";
			productReference = B3FBD9A0262DF1B900782622 /* gif-me.app */;
			productType = "com.apple.product-type.application";
		};
/* End PBXNativeTarget section */

/* Begin PBXProject section */
		B3FBD998262DF1B900782622 /* Project object */ = {
			isa = PBXProject;
			attributes = {
				LastSwiftUpdateCheck = 1240;
				LastUpgradeCheck = 1240;
				TargetAttributes = {
					B3FBD99F262DF1B900782622 = {
						CreatedOnToolsVersion = 12.4;
					};
				};
			};
			buildConfigurationList = B3FBD99B262DF1B900782622 /* Build configuration list for PBXProject "gif-me" */;
			compatibilityVersion = "Xcode 9.3";
			developmentRegion = en;
			hasScannedForEncodings = 0;
			knownRegions = (
				en,
				Base,
			);
			mainGroup = B3FBD997262DF1B900782622;
			productRefGroup = B3FBD9A1262DF1B900782622 /* Products */;
			projectDirPath = "";
			projectRoot = "";
			targets = (
				B3FBD99F262DF1B900782622 /* gif-me */,
			);
		};
/* End PBXProject section */

/* Begin PBXResourcesBuildPhase section */
		B3FBD99E262DF1B900782622 /* Resources */ = {
			isa = PBXResourcesBuildPhase;
			buildActionMask = 2147483647;
			files = (
				B3FBD9B0262DF1BA00782622 /* LaunchScreen.storyboard in Resources */,
				B3FBD9AD262DF1BA00782622 /* Assets.xcassets in Resources */,
				B3FBD9AB262DF1B900782622 /* Main.storyboard in Resources */,
			);
			runOnlyForDeploymentPostprocessing = 0;
		};
/* End PBXResourcesBuildPhase section */

/* Begin PBXShellScriptBuildPhase section */
		8AD00BD9CEE5DCF264E7A2A6 /* [CP] Embed Pods Frameworks */ = {
			isa = PBXShellScriptBuildPhase;
			buildActionMask = 2147483647;
			files = (
			);
			inputFileListPaths = (
				"${PODS_ROOT}/Target Support Files/Pods-gif-me/Pods-gif-me-frameworks-${CONFIGURATION}-input-files.xcfilelist",
			);
			name = "[CP] Embed Pods Frameworks";
			outputFileListPaths = (
				"${PODS_ROOT}/Target Support Files/Pods-gif-me/Pods-gif-me-frameworks-${CONFIGURATION}-output-files.xcfilelist",
			);
			runOnlyForDeploymentPostprocessing = 0;
			shellPath = /bin/sh;
			shellScript = "\"${PODS_ROOT}/Target Support Files/Pods-gif-me/Pods-gif-me-frameworks.sh\"\n";
			showEnvVarsInLog = 0;
		};
		9AB9C0902F94672E59D7316C /* [CP] Check Pods Manifest.lock */ = {
			isa = PBXShellScriptBuildPhase;
			buildActionMask = 2147483647;
			files = (
			);
			inputFileListPaths = (
			);
			inputPaths = (
				"${PODS_PODFILE_DIR_PATH}/Podfile.lock",
				"${PODS_ROOT}/Manifest.lock",
			);
			name = "[CP] Check Pods Manifest.lock";
			outputFileListPaths = (
			);
			outputPaths = (
				"$(DERIVED_FILE_DIR)/Pods-gif-me-checkManifestLockResult.txt",
			);
			runOnlyForDeploymentPostprocessing = 0;
			shellPath = /bin/sh;
			shellScript = "diff \"${PODS_PODFILE_DIR_PATH}/Podfile.lock\" \"${PODS_ROOT}/Manifest.lock\" > /dev/null\nif [ $? != 0 ] ; then\n    # print error to STDERR\n    echo \"error: The sandbox is not in sync with the Podfile.lock. Run 'pod install' or update your CocoaPods installation.\" >&2\n    exit 1\nfi\n# This output is used by Xcode 'outputs' to avoid re-running this script phase.\necho \"SUCCESS\" > \"${SCRIPT_OUTPUT_FILE_0}\"\n";
			showEnvVarsInLog = 0;
		};
/* End PBXShellScriptBuildPhase section */

/* Begin PBXSourcesBuildPhase section */
		B3FBD99C262DF1B900782622 /* Sources */ = {
			isa = PBXSourcesBuildPhase;
			buildActionMask = 2147483647;
			files = (
				B3FBD9CC262DF58E00782622 /* GifManager.swift in Sources */,
				B3996A6426303B9B00EE0315 /* Secrets.swift in Sources */,
				B3FBD9A8262DF1B900782622 /* GifGridViewController.swift in Sources */,
				B309976F262ED7D500E5066E /* Gif.swift in Sources */,
				B309976B262ECCEF00E5066E /* GifCollectionViewCell.swift in Sources */,
				B3FBD9BA262DF2C600782622 /* Constants.swift in Sources */,
				B3FBD9A4262DF1B900782622 /* AppDelegate.swift in Sources */,
				B3FBD9A6262DF1B900782622 /* SceneDelegate.swift in Sources */,
			);
			runOnlyForDeploymentPostprocessing = 0;
		};
/* End PBXSourcesBuildPhase section */

/* Begin PBXVariantGroup section */
		B3FBD9A9262DF1B900782622 /* Main.storyboard */ = {
			isa = PBXVariantGroup;
			children = (
				B3FBD9AA262DF1B900782622 /* Base */,
			);
			name = Main.storyboard;
			sourceTree = "<group>";
		};
		B3FBD9AE262DF1BA00782622 /* LaunchScreen.storyboard */ = {
			isa = PBXVariantGroup;
			children = (
				B3FBD9AF262DF1BA00782622 /* Base */,
			);
			name = LaunchScreen.storyboard;
			sourceTree = "<group>";
		};
/* End PBXVariantGroup section */

/* Begin XCBuildConfiguration section */
		B3FBD9B2262DF1BA00782622 /* Debug */ = {
			isa = XCBuildConfiguration;
			buildSettings = {
				ALWAYS_SEARCH_USER_PATHS = NO;
				CLANG_ANALYZER_NONNULL = YES;
				CLANG_ANALYZER_NUMBER_OBJECT_CONVERSION = YES_AGGRESSIVE;
				CLANG_CXX_LANGUAGE_STANDARD = "gnu++14";
				CLANG_CXX_LIBRARY = "libc++";
				CLANG_ENABLE_MODULES = YES;
				CLANG_ENABLE_OBJC_ARC = YES;
				CLANG_ENABLE_OBJC_WEAK = YES;
				CLANG_WARN_BLOCK_CAPTURE_AUTORELEASING = YES;
				CLANG_WARN_BOOL_CONVERSION = YES;
				CLANG_WARN_COMMA = YES;
				CLANG_WARN_CONSTANT_CONVERSION = YES;
				CLANG_WARN_DEPRECATED_OBJC_IMPLEMENTATIONS = YES;
				CLANG_WARN_DIRECT_OBJC_ISA_USAGE = YES_ERROR;
				CLANG_WARN_DOCUMENTATION_COMMENTS = YES;
				CLANG_WARN_EMPTY_BODY = YES;
				CLANG_WARN_ENUM_CONVERSION = YES;
				CLANG_WARN_INFINITE_RECURSION = YES;
				CLANG_WARN_INT_CONVERSION = YES;
				CLANG_WARN_NON_LITERAL_NULL_CONVERSION = YES;
				CLANG_WARN_OBJC_IMPLICIT_RETAIN_SELF = YES;
				CLANG_WARN_OBJC_LITERAL_CONVERSION = YES;
				CLANG_WARN_OBJC_ROOT_CLASS = YES_ERROR;
				CLANG_WARN_QUOTED_INCLUDE_IN_FRAMEWORK_HEADER = YES;
				CLANG_WARN_RANGE_LOOP_ANALYSIS = YES;
				CLANG_WARN_STRICT_PROTOTYPES = YES;
				CLANG_WARN_SUSPICIOUS_MOVE = YES;
				CLANG_WARN_UNGUARDED_AVAILABILITY = YES_AGGRESSIVE;
				CLANG_WARN_UNREACHABLE_CODE = YES;
				CLANG_WARN__DUPLICATE_METHOD_MATCH = YES;
				COPY_PHASE_STRIP = NO;
				DEBUG_INFORMATION_FORMAT = dwarf;
				ENABLE_STRICT_OBJC_MSGSEND = YES;
				ENABLE_TESTABILITY = YES;
				GCC_C_LANGUAGE_STANDARD = gnu11;
				GCC_DYNAMIC_NO_PIC = NO;
				GCC_NO_COMMON_BLOCKS = YES;
				GCC_OPTIMIZATION_LEVEL = 0;
				GCC_PREPROCESSOR_DEFINITIONS = (
					"DEBUG=1",
					"$(inherited)",
				);
				GCC_WARN_64_TO_32_BIT_CONVERSION = YES;
				GCC_WARN_ABOUT_RETURN_TYPE = YES_ERROR;
				GCC_WARN_UNDECLARED_SELECTOR = YES;
				GCC_WARN_UNINITIALIZED_AUTOS = YES_AGGRESSIVE;
				GCC_WARN_UNUSED_FUNCTION = YES;
				GCC_WARN_UNUSED_VARIABLE = YES;
				IPHONEOS_DEPLOYMENT_TARGET = 14.4;
				MTL_ENABLE_DEBUG_INFO = INCLUDE_SOURCE;
				MTL_FAST_MATH = YES;
				ONLY_ACTIVE_ARCH = YES;
				SDKROOT = iphoneos;
				SWIFT_ACTIVE_COMPILATION_CONDITIONS = DEBUG;
				SWIFT_OPTIMIZATION_LEVEL = "-Onone";
			};
			name = Debug;
		};
		B3FBD9B3262DF1BA00782622 /* Release */ = {
			isa = XCBuildConfiguration;
			buildSettings = {
				ALWAYS_SEARCH_USER_PATHS = NO;
				CLANG_ANALYZER_NONNULL = YES;
				CLANG_ANALYZER_NUMBER_OBJECT_CONVERSION = YES_AGGRESSIVE;
				CLANG_CXX_LANGUAGE_STANDARD = "gnu++14";
				CLANG_CXX_LIBRARY = "libc++";
				CLANG_ENABLE_MODULES = YES;
				CLANG_ENABLE_OBJC_ARC = YES;
				CLANG_ENABLE_OBJC_WEAK = YES;
				CLANG_WARN_BLOCK_CAPTURE_AUTORELEASING = YES;
				CLANG_WARN_BOOL_CONVERSION = YES;
				CLANG_WARN_COMMA = YES;
				CLANG_WARN_CONSTANT_CONVERSION = YES;
				CLANG_WARN_DEPRECATED_OBJC_IMPLEMENTATIONS = YES;
				CLANG_WARN_DIRECT_OBJC_ISA_USAGE = YES_ERROR;
				CLANG_WARN_DOCUMENTATION_COMMENTS = YES;
				CLANG_WARN_EMPTY_BODY = YES;
				CLANG_WARN_ENUM_CONVERSION = YES;
				CLANG_WARN_INFINITE_RECURSION = YES;
				CLANG_WARN_INT_CONVERSION = YES;
				CLANG_WARN_NON_LITERAL_NULL_CONVERSION = YES;
				CLANG_WARN_OBJC_IMPLICIT_RETAIN_SELF = YES;
				CLANG_WARN_OBJC_LITERAL_CONVERSION = YES;
				CLANG_WARN_OBJC_ROOT_CLASS = YES_ERROR;
				CLANG_WARN_QUOTED_INCLUDE_IN_FRAMEWORK_HEADER = YES;
				CLANG_WARN_RANGE_LOOP_ANALYSIS = YES;
				CLANG_WARN_STRICT_PROTOTYPES = YES;
				CLANG_WARN_SUSPICIOUS_MOVE = YES;
				CLANG_WARN_UNGUARDED_AVAILABILITY = YES_AGGRESSIVE;
				CLANG_WARN_UNREACHABLE_CODE = YES;
				CLANG_WARN__DUPLICATE_METHOD_MATCH = YES;
				COPY_PHASE_STRIP = NO;
				DEBUG_INFORMATION_FORMAT = "dwarf-with-dsym";
				ENABLE_NS_ASSERTIONS = NO;
				ENABLE_STRICT_OBJC_MSGSEND = YES;
				GCC_C_LANGUAGE_STANDARD = gnu11;
				GCC_NO_COMMON_BLOCKS = YES;
				GCC_WARN_64_TO_32_BIT_CONVERSION = YES;
				GCC_WARN_ABOUT_RETURN_TYPE = YES_ERROR;
				GCC_WARN_UNDECLARED_SELECTOR = YES;
				GCC_WARN_UNINITIALIZED_AUTOS = YES_AGGRESSIVE;
				GCC_WARN_UNUSED_FUNCTION = YES;
				GCC_WARN_UNUSED_VARIABLE = YES;
				IPHONEOS_DEPLOYMENT_TARGET = 14.4;
				MTL_ENABLE_DEBUG_INFO = NO;
				MTL_FAST_MATH = YES;
				SDKROOT = iphoneos;
				SWIFT_COMPILATION_MODE = wholemodule;
				SWIFT_OPTIMIZATION_LEVEL = "-O";
				VALIDATE_PRODUCT = YES;
			};
			name = Release;
		};
		B3FBD9B5262DF1BA00782622 /* Debug */ = {
			isa = XCBuildConfiguration;
			baseConfigurationReference = 9765842DCA4E6BBD68499EC7 /* Pods-gif-me.debug.xcconfig */;
			buildSettings = {
				ASSETCATALOG_COMPILER_APPICON_NAME = AppIcon;
				ASSETCATALOG_COMPILER_GLOBAL_ACCENT_COLOR_NAME = AccentColor;
				CODE_SIGN_STYLE = Automatic;
				DEVELOPMENT_TEAM = 62UWXAK3LX;
				INFOPLIST_FILE = "gif-me/Info.plist";
				LD_RUNPATH_SEARCH_PATHS = (
					"$(inherited)",
					"@executable_path/Frameworks",
				);
				PRODUCT_BUNDLE_IDENTIFIER = "com.raitissaripo.gif-me";
				PRODUCT_NAME = "$(TARGET_NAME)";
				SWIFT_VERSION = 5.0;
				TARGETED_DEVICE_FAMILY = "1,2";
			};
			name = Debug;
		};
		B3FBD9B6262DF1BA00782622 /* Release */ = {
			isa = XCBuildConfiguration;
			baseConfigurationReference = 80A7C058A6DB4D0E37974893 /* Pods-gif-me.release.xcconfig */;
			buildSettings = {
				ASSETCATALOG_COMPILER_APPICON_NAME = AppIcon;
				ASSETCATALOG_COMPILER_GLOBAL_ACCENT_COLOR_NAME = AccentColor;
				CODE_SIGN_STYLE = Automatic;
				DEVELOPMENT_TEAM = 62UWXAK3LX;
				INFOPLIST_FILE = "gif-me/Info.plist";
				LD_RUNPATH_SEARCH_PATHS = (
					"$(inherited)",
					"@executable_path/Frameworks",
				);
				PRODUCT_BUNDLE_IDENTIFIER = "com.raitissaripo.gif-me";
				PRODUCT_NAME = "$(TARGET_NAME)";
				SWIFT_VERSION = 5.0;
				TARGETED_DEVICE_FAMILY = "1,2";
			};
			name = Release;
		};
/* End XCBuildConfiguration section */

/* Begin XCConfigurationList section */
		B3FBD99B262DF1B900782622 /* Build configuration list for PBXProject "gif-me" */ = {
			isa = XCConfigurationList;
			buildConfigurations = (
				B3FBD9B2262DF1BA00782622 /* Debug */,
				B3FBD9B3262DF1BA00782622 /* Release */,
			);
			defaultConfigurationIsVisible = 0;
			defaultConfigurationName = Release;
		};
		B3FBD9B4262DF1BA00782622 /* Build configuration list for PBXNativeTarget "gif-me" */ = {
			isa = XCConfigurationList;
			buildConfigurations = (
				B3FBD9B5262DF1BA00782622 /* Debug */,
				B3FBD9B6262DF1BA00782622 /* Release */,
			);
			defaultConfigurationIsVisible = 0;
			defaultConfigurationName = Release;
		};
/* End XCConfigurationList section */
	};
	rootObject = B3FBD998262DF1B900782622 /* Project object */;
}
